
Microsoft Visual Studio Solution File, Format Version 12.00
# Visual Studio Version 16
VisualStudioVersion = 16.0.28803.352
MinimumVisualStudioVersion = 10.0.40219.1
Project("{FAE04EC0-301F-11D3-BF4B-00C04F79EFBC}") = "MWTrace_beta-Part1", "MWTrace_beta\MWTrace_beta-Part1.csproj", "{8D500577-B281-43B0-B733-7DB794129B6E}"
EndProject
Project("{FAE04EC0-301F-11D3-BF4B-00C04F79EFBC}") = "MWTrace-Part2", "MWTrace-Part2\MWTrace-Part2.csproj", "{1DAA5AE0-89D6-4F24-BC5F-8A0D3CB6B8C1}"
EndProject
Project("{FAE04EC0-301F-11D3-BF4B-00C04F79EFBC}") = "BoxPacking", "BoxPacking\BoxPacking.csproj", "{394BE4C1-D96B-4712-89D8-EEAFCA93A88D}"
EndProject
Global
	GlobalSection(SolutionConfigurationPlatforms) = preSolution
		Debug|Any CPU = Debug|Any CPU
		Release|Any CPU = Release|Any CPU
	EndGlobalSection
	GlobalSection(ProjectConfigurationPlatforms) = postSolution
		{8D500577-B281-43B0-B733-7DB794129B6E}.Debug|Any CPU.ActiveCfg = Debug|Any CPU
		{8D500577-B281-43B0-B733-7DB794129B6E}.Debug|Any CPU.Build.0 = Debug|Any CPU
		{8D500577-B281-43B0-B733-7DB794129B6E}.Release|Any CPU.ActiveCfg = Release|Any CPU
		{8D500577-B281-43B0-B733-7DB794129B6E}.Release|Any CPU.Build.0 = Release|Any CPU
		{1DAA5AE0-89D6-4F24-BC5F-8A0D3CB6B8C1}.Debug|Any CPU.ActiveCfg = Debug|Any CPU
		{1DAA5AE0-89D6-4F24-BC5F-8A0D3CB6B8C1}.Debug|Any CPU.Build.0 = Debug|Any CPU
		{1DAA5AE0-89D6-4F24-BC5F-8A0D3CB6B8C1}.Release|Any CPU.ActiveCfg = Release|Any CPU
		{1DAA5AE0-89D6-4F24-BC5F-8A0D3CB6B8C1}.Release|Any CPU.Build.0 = Release|Any CPU
		{394BE4C1-D96B-4712-89D8-EEAFCA93A88D}.Debug|Any CPU.ActiveCfg = Debug|Any CPU
		{394BE4C1-D96B-4712-89D8-EEAFCA93A88D}.Debug|Any CPU.Build.0 = Debug|Any CPU
		{394BE4C1-D96B-4712-89D8-EEAFCA93A88D}.Release|Any CPU.ActiveCfg = Release|Any CPU
		{394BE4C1-D96B-4712-89D8-EEAFCA93A88D}.Release|Any CPU.Build.0 = Release|Any CPU
	EndGlobalSection
	GlobalSection(SolutionProperties) = preSolution
		HideSolutionNode = FALSE
	EndGlobalSection
	GlobalSection(ExtensibilityGlobals) = postSolution
		SolutionGuid = {C3178384-D3CE-45A7-978E-E3B688DE8865}
	EndGlobalSection
EndGlobal
